
Microsoft Visual Studio Solution File, Format Version 12.00
# Visual Studio Version 17
VisualStudioVersion = 17.3.32804.467
MinimumVisualStudioVersion = 10.0.40219.1
Project("{9A19103F-16F7-4668-BE54-9A1E7A4F7556}") = "Blackout.TaskPlanner.ConsoleRunner", "Blackout.TaskPlanner.ConsoleRunner\Blackout.TaskPlanner.ConsoleRunner.csproj", "{356AD791-6077-48F0-B65F-EBD9D98F025C}"
EndProject
Project("{9A19103F-16F7-4668-BE54-9A1E7A4F7556}") = "Blackout.TaskPlanner.Domain.Models", "Blackout.TaskPlanner.Domain.Models\Blackout.TaskPlanner.Domain.Models.csproj", "{BD5661C5-E70D-4923-97DD-C682ABBB7F34}"
EndProject
Project("{9A19103F-16F7-4668-BE54-9A1E7A4F7556}") = "Blackout.TaskPlanner.Domain.Logic", "Blackout.TaskPlanner.Domain.Logic\Blackout.TaskPlanner.Domain.Logic.csproj", "{871FD51F-0276-4F4F-9559-548E4FC74913}"
EndProject
Project("{9A19103F-16F7-4668-BE54-9A1E7A4F7556}") = "Blackout.TaskPlanner.DataAccess.Abstraction", "Blackout.TaskPlanner.DataAccess.Abstraction\Blackout.TaskPlanner.DataAccess.Abstraction.csproj", "{C0E995AB-815C-4EE1-8888-F72A4192CAA9}"
EndProject
Project("{9A19103F-16F7-4668-BE54-9A1E7A4F7556}") = "Blackout.TaskPlanner.DataAccess", "Blackout.TaskPlanner.DataAccess\Blackout.TaskPlanner.DataAccess.csproj", "{A0C8593B-78AA-4AFD-99F1-AC6461C9D688}"
EndProject
Project("{FAE04EC0-301F-11D3-BF4B-00C04F79EFBC}") = "Blackout.TaskPlanner.Domain.Logic.Tests", "Blackout.TaskPlanner.Domain.Logic.Tests\Blackout.TaskPlanner.Domain.Logic.Tests.csproj", "{7B074CED-8D95-4419-A63D-0E530C266BFD}"
EndProject
Global
	GlobalSection(SolutionConfigurationPlatforms) = preSolution
		Debug|Any CPU = Debug|Any CPU
		Release|Any CPU = Release|Any CPU
	EndGlobalSection
	GlobalSection(ProjectConfigurationPlatforms) = postSolution
		{356AD791-6077-48F0-B65F-EBD9D98F025C}.Debug|Any CPU.ActiveCfg = Debug|Any CPU
		{356AD791-6077-48F0-B65F-EBD9D98F025C}.Debug|Any CPU.Build.0 = Debug|Any CPU
		{356AD791-6077-48F0-B65F-EBD9D98F025C}.Release|Any CPU.ActiveCfg = Release|Any CPU
		{356AD791-6077-48F0-B65F-EBD9D98F025C}.Release|Any CPU.Build.0 = Release|Any CPU
		{BD5661C5-E70D-4923-97DD-C682ABBB7F34}.Debug|Any CPU.ActiveCfg = Debug|Any CPU
		{BD5661C5-E70D-4923-97DD-C682ABBB7F34}.Debug|Any CPU.Build.0 = Debug|Any CPU
		{BD5661C5-E70D-4923-97DD-C682ABBB7F34}.Release|Any CPU.ActiveCfg = Release|Any CPU
		{BD5661C5-E70D-4923-97DD-C682ABBB7F34}.Release|Any CPU.Build.0 = Release|Any CPU
		{871FD51F-0276-4F4F-9559-548E4FC74913}.Debug|Any CPU.ActiveCfg = Debug|Any CPU
		{871FD51F-0276-4F4F-9559-548E4FC74913}.Debug|Any CPU.Build.0 = Debug|Any CPU
		{871FD51F-0276-4F4F-9559-548E4FC74913}.Release|Any CPU.ActiveCfg = Release|Any CPU
		{871FD51F-0276-4F4F-9559-548E4FC74913}.Release|Any CPU.Build.0 = Release|Any CPU
		{C0E995AB-815C-4EE1-8888-F72A4192CAA9}.Debug|Any CPU.ActiveCfg = Debug|Any CPU
		{C0E995AB-815C-4EE1-8888-F72A4192CAA9}.Debug|Any CPU.Build.0 = Debug|Any CPU
		{C0E995AB-815C-4EE1-8888-F72A4192CAA9}.Release|Any CPU.ActiveCfg = Release|Any CPU
		{C0E995AB-815C-4EE1-8888-F72A4192CAA9}.Release|Any CPU.Build.0 = Release|Any CPU
		{A0C8593B-78AA-4AFD-99F1-AC6461C9D688}.Debug|Any CPU.ActiveCfg = Debug|Any CPU
		{A0C8593B-78AA-4AFD-99F1-AC6461C9D688}.Debug|Any CPU.Build.0 = Debug|Any CPU
		{A0C8593B-78AA-4AFD-99F1-AC6461C9D688}.Release|Any CPU.ActiveCfg = Release|Any CPU
		{A0C8593B-78AA-4AFD-99F1-AC6461C9D688}.Release|Any CPU.Build.0 = Release|Any CPU
		{7B074CED-8D95-4419-A63D-0E530C266BFD}.Debug|Any CPU.ActiveCfg = Debug|Any CPU
		{7B074CED-8D95-4419-A63D-0E530C266BFD}.Debug|Any CPU.Build.0 = Debug|Any CPU
		{7B074CED-8D95-4419-A63D-0E530C266BFD}.Release|Any CPU.ActiveCfg = Release|Any CPU
		{7B074CED-8D95-4419-A63D-0E530C266BFD}.Release|Any CPU.Build.0 = Release|Any CPU
	EndGlobalSection
	GlobalSection(SolutionProperties) = preSolution
		HideSolutionNode = FALSE
	EndGlobalSection
	GlobalSection(ExtensibilityGlobals) = postSolution
		SolutionGuid = {DA646A1B-2C7E-48F3-A83F-3A42D5C101DF}
	EndGlobalSection
EndGlobal
